
Microsoft Visual Studio Solution File, Format Version 12.00
# Visual Studio 14
VisualStudioVersion = 14.0.25420.1
MinimumVisualStudioVersion = 10.0.40219.1
Project("{FAE04EC0-301F-11D3-BF4B-00C04F79EFBC}") = "HelloWorld", "HelloWorld\HelloWorld\HelloWorld.csproj", "{12D18F82-783F-4695-916B-015E893A752B}"
EndProject
Project("{FAE04EC0-301F-11D3-BF4B-00C04F79EFBC}") = "HelloWorld.Droid", "HelloWorld\HelloWorld.Droid\HelloWorld.Droid.csproj", "{21C083BD-A967-4D41-9E83-78619531F952}"
EndProject
Project("{FAE04EC0-301F-11D3-BF4B-00C04F79EFBC}") = "HelloWorld.iOS", "HelloWorld\HelloWorld.iOS\HelloWorld.iOS.csproj", "{156D31DA-8C15-43D9-87BE-239F34C60E22}"
EndProject
Project("{FAE04EC0-301F-11D3-BF4B-00C04F79EFBC}") = "HelloWorld.WinPhone", "HelloWorld\HelloWorld.WinPhone\HelloWorld.WinPhone.csproj", "{FFDBEB84-E2F6-4212-B7A3-54986385D827}"
EndProject
Project("{FAE04EC0-301F-11D3-BF4B-00C04F79EFBC}") = "HelloWorld.Windows", "HelloWorld\HelloWorld.Windows\HelloWorld.Windows.csproj", "{48638933-611C-48CB-AE1B-53AE3F4A4A3F}"
EndProject
Global
	GlobalSection(SolutionConfigurationPlatforms) = preSolution
		Ad-Hoc|Any CPU = Ad-Hoc|Any CPU
		Ad-Hoc|ARM = Ad-Hoc|ARM
		Ad-Hoc|iPhone = Ad-Hoc|iPhone
		Ad-Hoc|iPhoneSimulator = Ad-Hoc|iPhoneSimulator
		Ad-Hoc|x64 = Ad-Hoc|x64
		Ad-Hoc|x86 = Ad-Hoc|x86
		AppStore|Any CPU = AppStore|Any CPU
		AppStore|ARM = AppStore|ARM
		AppStore|iPhone = AppStore|iPhone
		AppStore|iPhoneSimulator = AppStore|iPhoneSimulator
		AppStore|x64 = AppStore|x64
		AppStore|x86 = AppStore|x86
		Debug|Any CPU = Debug|Any CPU
		Debug|ARM = Debug|ARM
		Debug|iPhone = Debug|iPhone
		Debug|iPhoneSimulator = Debug|iPhoneSimulator
		Debug|x64 = Debug|x64
		Debug|x86 = Debug|x86
		Release|Any CPU = Release|Any CPU
		Release|ARM = Release|ARM
		Release|iPhone = Release|iPhone
		Release|iPhoneSimulator = Release|iPhoneSimulator
		Release|x64 = Release|x64
		Release|x86 = Release|x86
	EndGlobalSection
	GlobalSection(ProjectConfigurationPlatforms) = postSolution
		{12D18F82-783F-4695-916B-015E893A752B}.Ad-Hoc|Any CPU.ActiveCfg = Release|Any CPU
		{12D18F82-783F-4695-916B-015E893A752B}.Ad-Hoc|Any CPU.Build.0 = Release|Any CPU
		{12D18F82-783F-4695-916B-015E893A752B}.Ad-Hoc|ARM.ActiveCfg = Release|Any CPU
		{12D18F82-783F-4695-916B-015E893A752B}.Ad-Hoc|ARM.Build.0 = Release|Any CPU
		{12D18F82-783F-4695-916B-015E893A752B}.Ad-Hoc|iPhone.ActiveCfg = Release|Any CPU
		{12D18F82-783F-4695-916B-015E893A752B}.Ad-Hoc|iPhone.Build.0 = Release|Any CPU
		{12D18F82-783F-4695-916B-015E893A752B}.Ad-Hoc|iPhoneSimulator.ActiveCfg = Release|Any CPU
		{12D18F82-783F-4695-916B-015E893A752B}.Ad-Hoc|iPhoneSimulator.Build.0 = Release|Any CPU
		{12D18F82-783F-4695-916B-015E893A752B}.Ad-Hoc|x64.ActiveCfg = Release|Any CPU
		{12D18F82-783F-4695-916B-015E893A752B}.Ad-Hoc|x64.Build.0 = Release|Any CPU
		{12D18F82-783F-4695-916B-015E893A752B}.Ad-Hoc|x86.ActiveCfg = Release|Any CPU
		{12D18F82-783F-4695-916B-015E893A752B}.Ad-Hoc|x86.Build.0 = Release|Any CPU
		{12D18F82-783F-4695-916B-015E893A752B}.AppStore|Any CPU.ActiveCfg = Release|Any CPU
		{12D18F82-783F-4695-916B-015E893A752B}.AppStore|Any CPU.Build.0 = Release|Any CPU
		{12D18F82-783F-4695-916B-015E893A752B}.AppStore|ARM.ActiveCfg = Release|Any CPU
		{12D18F82-783F-4695-916B-015E893A752B}.AppStore|ARM.Build.0 = Release|Any CPU
		{12D18F82-783F-4695-916B-015E893A752B}.AppStore|iPhone.ActiveCfg = Release|Any CPU
		{12D18F82-783F-4695-916B-015E893A752B}.AppStore|iPhone.Build.0 = Release|Any CPU
		{12D18F82-783F-4695-916B-015E893A752B}.AppStore|iPhoneSimulator.ActiveCfg = Release|Any CPU
		{12D18F82-783F-4695-916B-015E893A752B}.AppStore|iPhoneSimulator.Build.0 = Release|Any CPU
		{12D18F82-783F-4695-916B-015E893A752B}.AppStore|x64.ActiveCfg = Release|Any CPU
		{12D18F82-783F-4695-916B-015E893A752B}.AppStore|x64.Build.0 = Release|Any CPU
		{12D18F82-783F-4695-916B-015E893A752B}.AppStore|x86.ActiveCfg = Release|Any CPU
		{12D18F82-783F-4695-916B-015E893A752B}.AppStore|x86.Build.0 = Release|Any CPU
		{12D18F82-783F-4695-916B-015E893A752B}.Debug|Any CPU.ActiveCfg = Debug|Any CPU
		{12D18F82-783F-4695-916B-015E893A752B}.Debug|Any CPU.Build.0 = Debug|Any CPU
		{12D18F82-783F-4695-916B-015E893A752B}.Debug|ARM.ActiveCfg = Debug|Any CPU
		{12D18F82-783F-4695-916B-015E893A752B}.Debug|ARM.Build.0 = Debug|Any CPU
		{12D18F82-783F-4695-916B-015E893A752B}.Debug|iPhone.ActiveCfg = Debug|Any CPU
		{12D18F82-783F-4695-916B-015E893A752B}.Debug|iPhone.Build.0 = Debug|Any CPU
		{12D18F82-783F-4695-916B-015E893A752B}.Debug|iPhoneSimulator.ActiveCfg = Debug|Any CPU
		{12D18F82-783F-4695-916B-015E893A752B}.Debug|iPhoneSimulator.Build.0 = Debug|Any CPU
		{12D18F82-783F-4695-916B-015E893A752B}.Debug|x64.ActiveCfg = Debug|Any CPU
		{12D18F82-783F-4695-916B-015E893A752B}.Debug|x64.Build.0 = Debug|Any CPU
		{12D18F82-783F-4695-916B-015E893A752B}.Debug|x86.ActiveCfg = Debug|Any CPU
		{12D18F82-783F-4695-916B-015E893A752B}.Debug|x86.Build.0 = Debug|Any CPU
		{12D18F82-783F-4695-916B-015E893A752B}.Release|Any CPU.ActiveCfg = Release|Any CPU
		{12D18F82-783F-4695-916B-015E893A752B}.Release|Any CPU.Build.0 = Release|Any CPU
		{12D18F82-783F-4695-916B-015E893A752B}.Release|ARM.ActiveCfg = Release|Any CPU
		{12D18F82-783F-4695-916B-015E893A752B}.Release|ARM.Build.0 = Release|Any CPU
		{12D18F82-783F-4695-916B-015E893A752B}.Release|iPhone.ActiveCfg = Release|Any CPU
		{12D18F82-783F-4695-916B-015E893A752B}.Release|iPhone.Build.0 = Release|Any CPU
		{12D18F82-783F-4695-916B-015E893A752B}.Release|iPhoneSimulator.ActiveCfg = Release|Any CPU
		{12D18F82-783F-4695-916B-015E893A752B}.Release|iPhoneSimulator.Build.0 = Release|Any CPU
		{12D18F82-783F-4695-916B-015E893A752B}.Release|x64.ActiveCfg = Release|Any CPU
		{12D18F82-783F-4695-916B-015E893A752B}.Release|x64.Build.0 = Release|Any CPU
		{12D18F82-783F-4695-916B-015E893A752B}.Release|x86.ActiveCfg = Release|Any CPU
		{12D18F82-783F-4695-916B-015E893A752B}.Release|x86.Build.0 = Release|Any CPU
		{21C083BD-A967-4D41-9E83-78619531F952}.Ad-Hoc|Any CPU.ActiveCfg = Release|Any CPU
		{21C083BD-A967-4D41-9E83-78619531F952}.Ad-Hoc|Any CPU.Build.0 = Release|Any CPU
		{21C083BD-A967-4D41-9E83-78619531F952}.Ad-Hoc|Any CPU.Deploy.0 = Release|Any CPU
		{21C083BD-A967-4D41-9E83-78619531F952}.Ad-Hoc|ARM.ActiveCfg = Release|Any CPU
		{21C083BD-A967-4D41-9E83-78619531F952}.Ad-Hoc|ARM.Build.0 = Release|Any CPU
		{21C083BD-A967-4D41-9E83-78619531F952}.Ad-Hoc|ARM.Deploy.0 = Release|Any CPU
		{21C083BD-A967-4D41-9E83-78619531F952}.Ad-Hoc|iPhone.ActiveCfg = Release|Any CPU
		{21C083BD-A967-4D41-9E83-78619531F952}.Ad-Hoc|iPhone.Build.0 = Release|Any CPU
		{21C083BD-A967-4D41-9E83-78619531F952}.Ad-Hoc|iPhone.Deploy.0 = Release|Any CPU
		{21C083BD-A967-4D41-9E83-78619531F952}.Ad-Hoc|iPhoneSimulator.ActiveCfg = Release|Any CPU
		{21C083BD-A967-4D41-9E83-78619531F952}.Ad-Hoc|iPhoneSimulator.Build.0 = Release|Any CPU
		{21C083BD-A967-4D41-9E83-78619531F952}.Ad-Hoc|iPhoneSimulator.Deploy.0 = Release|Any CPU
		{21C083BD-A967-4D41-9E83-78619531F952}.Ad-Hoc|x64.ActiveCfg = Release|Any CPU
		{21C083BD-A967-4D41-9E83-78619531F952}.Ad-Hoc|x64.Build.0 = Release|Any CPU
		{21C083BD-A967-4D41-9E83-78619531F952}.Ad-Hoc|x64.Deploy.0 = Release|Any CPU
		{21C083BD-A967-4D41-9E83-78619531F952}.Ad-Hoc|x86.ActiveCfg = Release|Any CPU
		{21C083BD-A967-4D41-9E83-78619531F952}.Ad-Hoc|x86.Build.0 = Release|Any CPU
		{21C083BD-A967-4D41-9E83-78619531F952}.Ad-Hoc|x86.Deploy.0 = Release|Any CPU
		{21C083BD-A967-4D41-9E83-78619531F952}.AppStore|Any CPU.ActiveCfg = Release|Any CPU
		{21C083BD-A967-4D41-9E83-78619531F952}.AppStore|Any CPU.Build.0 = Release|Any CPU
		{21C083BD-A967-4D41-9E83-78619531F952}.AppStore|Any CPU.Deploy.0 = Release|Any CPU
		{21C083BD-A967-4D41-9E83-78619531F952}.AppStore|ARM.ActiveCfg = Release|Any CPU
		{21C083BD-A967-4D41-9E83-78619531F952}.AppStore|ARM.Build.0 = Release|Any CPU
		{21C083BD-A967-4D41-9E83-78619531F952}.AppStore|ARM.Deploy.0 = Release|Any CPU
		{21C083BD-A967-4D41-9E83-78619531F952}.AppStore|iPhone.ActiveCfg = Release|Any CPU
		{21C083BD-A967-4D41-9E83-78619531F952}.AppStore|iPhone.Build.0 = Release|Any CPU
		{21C083BD-A967-4D41-9E83-78619531F952}.AppStore|iPhone.Deploy.0 = Release|Any CPU
		{21C083BD-A967-4D41-9E83-78619531F952}.AppStore|iPhoneSimulator.ActiveCfg = Release|Any CPU
		{21C083BD-A967-4D41-9E83-78619531F952}.AppStore|iPhoneSimulator.Build.0 = Release|Any CPU
		{21C083BD-A967-4D41-9E83-78619531F952}.AppStore|iPhoneSimulator.Deploy.0 = Release|Any CPU
		{21C083BD-A967-4D41-9E83-78619531F952}.AppStore|x64.ActiveCfg = Release|Any CPU
		{21C083BD-A967-4D41-9E83-78619531F952}.AppStore|x64.Build.0 = Release|Any CPU
		{21C083BD-A967-4D41-9E83-78619531F952}.AppStore|x64.Deploy.0 = Release|Any CPU
		{21C083BD-A967-4D41-9E83-78619531F952}.AppStore|x86.ActiveCfg = Release|Any CPU
		{21C083BD-A967-4D41-9E83-78619531F952}.AppStore|x86.Build.0 = Release|Any CPU
		{21C083BD-A967-4D41-9E83-78619531F952}.AppStore|x86.Deploy.0 = Release|Any CPU
		{21C083BD-A967-4D41-9E83-78619531F952}.Debug|Any CPU.ActiveCfg = Debug|Any CPU
		{21C083BD-A967-4D41-9E83-78619531F952}.Debug|Any CPU.Build.0 = Debug|Any CPU
		{21C083BD-A967-4D41-9E83-78619531F952}.Debug|Any CPU.Deploy.0 = Debug|Any CPU
		{21C083BD-A967-4D41-9E83-78619531F952}.Debug|ARM.ActiveCfg = Debug|Any CPU
		{21C083BD-A967-4D41-9E83-78619531F952}.Debug|ARM.Build.0 = Debug|Any CPU
		{21C083BD-A967-4D41-9E83-78619531F952}.Debug|ARM.Deploy.0 = Debug|Any CPU
		{21C083BD-A967-4D41-9E83-78619531F952}.Debug|iPhone.ActiveCfg = Debug|Any CPU
		{21C083BD-A967-4D41-9E83-78619531F952}.Debug|iPhone.Build.0 = Debug|Any CPU
		{21C083BD-A967-4D41-9E83-78619531F952}.Debug|iPhone.Deploy.0 = Debug|Any CPU
		{21C083BD-A967-4D41-9E83-78619531F952}.Debug|iPhoneSimulator.ActiveCfg = Debug|Any CPU
		{21C083BD-A967-4D41-9E83-78619531F952}.Debug|iPhoneSimulator.Build.0 = Debug|Any CPU
		{21C083BD-A967-4D41-9E83-78619531F952}.Debug|iPhoneSimulator.Deploy.0 = Debug|Any CPU
		{21C083BD-A967-4D41-9E83-78619531F952}.Debug|x64.ActiveCfg = Debug|Any CPU
		{21C083BD-A967-4D41-9E83-78619531F952}.Debug|x64.Build.0 = Debug|Any CPU
		{21C083BD-A967-4D41-9E83-78619531F952}.Debug|x64.Deploy.0 = Debug|Any CPU
		{21C083BD-A967-4D41-9E83-78619531F952}.Debug|x86.ActiveCfg = Debug|Any CPU
		{21C083BD-A967-4D41-9E83-78619531F952}.Debug|x86.Build.0 = Debug|Any CPU
		{21C083BD-A967-4D41-9E83-78619531F952}.Debug|x86.Deploy.0 = Debug|Any CPU
		{21C083BD-A967-4D41-9E83-78619531F952}.Release|Any CPU.ActiveCfg = Release|Any CPU
		{21C083BD-A967-4D41-9E83-78619531F952}.Release|Any CPU.Build.0 = Release|Any CPU
		{21C083BD-A967-4D41-9E83-78619531F952}.Release|Any CPU.Deploy.0 = Release|Any CPU
		{21C083BD-A967-4D41-9E83-78619531F952}.Release|ARM.ActiveCfg = Release|Any CPU
		{21C083BD-A967-4D41-9E83-78619531F952}.Release|ARM.Build.0 = Release|Any CPU
		{21C083BD-A967-4D41-9E83-78619531F952}.Release|ARM.Deploy.0 = Release|Any CPU
		{21C083BD-A967-4D41-9E83-78619531F952}.Release|iPhone.ActiveCfg = Release|Any CPU
		{21C083BD-A967-4D41-9E83-78619531F952}.Release|iPhone.Build.0 = Release|Any CPU
		{21C083BD-A967-4D41-9E83-78619531F952}.Release|iPhone.Deploy.0 = Release|Any CPU
		{21C083BD-A967-4D41-9E83-78619531F952}.Release|iPhoneSimulator.ActiveCfg = Release|Any CPU
		{21C083BD-A967-4D41-9E83-78619531F952}.Release|iPhoneSimulator.Build.0 = Release|Any CPU
		{21C083BD-A967-4D41-9E83-78619531F952}.Release|iPhoneSimulator.Deploy.0 = Release|Any CPU
		{21C083BD-A967-4D41-9E83-78619531F952}.Release|x64.ActiveCfg = Release|Any CPU
		{21C083BD-A967-4D41-9E83-78619531F952}.Release|x64.Build.0 = Release|Any CPU
		{21C083BD-A967-4D41-9E83-78619531F952}.Release|x64.Deploy.0 = Release|Any CPU
		{21C083BD-A967-4D41-9E83-78619531F952}.Release|x86.ActiveCfg = Release|Any CPU
		{21C083BD-A967-4D41-9E83-78619531F952}.Release|x86.Build.0 = Release|Any CPU
		{21C083BD-A967-4D41-9E83-78619531F952}.Release|x86.Deploy.0 = Release|Any CPU
		{156D31DA-8C15-43D9-87BE-239F34C60E22}.Ad-Hoc|Any CPU.ActiveCfg = Ad-Hoc|iPhone
		{156D31DA-8C15-43D9-87BE-239F34C60E22}.Ad-Hoc|ARM.ActiveCfg = Ad-Hoc|iPhone
		{156D31DA-8C15-43D9-87BE-239F34C60E22}.Ad-Hoc|iPhone.ActiveCfg = Ad-Hoc|iPhone
		{156D31DA-8C15-43D9-87BE-239F34C60E22}.Ad-Hoc|iPhone.Build.0 = Ad-Hoc|iPhone
		{156D31DA-8C15-43D9-87BE-239F34C60E22}.Ad-Hoc|iPhoneSimulator.ActiveCfg = Ad-Hoc|iPhoneSimulator
		{156D31DA-8C15-43D9-87BE-239F34C60E22}.Ad-Hoc|iPhoneSimulator.Build.0 = Ad-Hoc|iPhoneSimulator
		{156D31DA-8C15-43D9-87BE-239F34C60E22}.Ad-Hoc|x64.ActiveCfg = Ad-Hoc|iPhone
		{156D31DA-8C15-43D9-87BE-239F34C60E22}.Ad-Hoc|x86.ActiveCfg = Ad-Hoc|iPhone
		{156D31DA-8C15-43D9-87BE-239F34C60E22}.AppStore|Any CPU.ActiveCfg = AppStore|iPhone
		{156D31DA-8C15-43D9-87BE-239F34C60E22}.AppStore|ARM.ActiveCfg = AppStore|iPhone
		{156D31DA-8C15-43D9-87BE-239F34C60E22}.AppStore|iPhone.ActiveCfg = AppStore|iPhone
		{156D31DA-8C15-43D9-87BE-239F34C60E22}.AppStore|iPhone.Build.0 = AppStore|iPhone
		{156D31DA-8C15-43D9-87BE-239F34C60E22}.AppStore|iPhoneSimulator.ActiveCfg = AppStore|iPhoneSimulator
		{156D31DA-8C15-43D9-87BE-239F34C60E22}.AppStore|iPhoneSimulator.Build.0 = AppStore|iPhoneSimulator
		{156D31DA-8C15-43D9-87BE-239F34C60E22}.AppStore|x64.ActiveCfg = AppStore|iPhone
		{156D31DA-8C15-43D9-87BE-239F34C60E22}.AppStore|x86.ActiveCfg = AppStore|iPhone
		{156D31DA-8C15-43D9-87BE-239F34C60E22}.Debug|Any CPU.ActiveCfg = Debug|iPhone
		{156D31DA-8C15-43D9-87BE-239F34C60E22}.Debug|ARM.ActiveCfg = Debug|iPhone
		{156D31DA-8C15-43D9-87BE-239F34C60E22}.Debug|iPhone.ActiveCfg = Debug|iPhone
		{156D31DA-8C15-43D9-87BE-239F34C60E22}.Debug|iPhone.Build.0 = Debug|iPhone
		{156D31DA-8C15-43D9-87BE-239F34C60E22}.Debug|iPhoneSimulator.ActiveCfg = Debug|iPhoneSimulator
		{156D31DA-8C15-43D9-87BE-239F34C60E22}.Debug|iPhoneSimulator.Build.0 = Debug|iPhoneSimulator
		{156D31DA-8C15-43D9-87BE-239F34C60E22}.Debug|x64.ActiveCfg = Debug|iPhone
		{156D31DA-8C15-43D9-87BE-239F34C60E22}.Debug|x86.ActiveCfg = Debug|iPhone
		{156D31DA-8C15-43D9-87BE-239F34C60E22}.Release|Any CPU.ActiveCfg = Release|iPhone
		{156D31DA-8C15-43D9-87BE-239F34C60E22}.Release|ARM.ActiveCfg = Release|iPhone
		{156D31DA-8C15-43D9-87BE-239F34C60E22}.Release|iPhone.ActiveCfg = Release|iPhone
		{156D31DA-8C15-43D9-87BE-239F34C60E22}.Release|iPhone.Build.0 = Release|iPhone
		{156D31DA-8C15-43D9-87BE-239F34C60E22}.Release|iPhoneSimulator.ActiveCfg = Release|iPhoneSimulator
		{156D31DA-8C15-43D9-87BE-239F34C60E22}.Release|iPhoneSimulator.Build.0 = Release|iPhoneSimulator
		{156D31DA-8C15-43D9-87BE-239F34C60E22}.Release|x64.ActiveCfg = Release|iPhone
		{156D31DA-8C15-43D9-87BE-239F34C60E22}.Release|x86.ActiveCfg = Release|iPhone
		{FFDBEB84-E2F6-4212-B7A3-54986385D827}.Ad-Hoc|Any CPU.ActiveCfg = Release|Any CPU
		{FFDBEB84-E2F6-4212-B7A3-54986385D827}.Ad-Hoc|Any CPU.Build.0 = Release|Any CPU
		{FFDBEB84-E2F6-4212-B7A3-54986385D827}.Ad-Hoc|Any CPU.Deploy.0 = Release|Any CPU
		{FFDBEB84-E2F6-4212-B7A3-54986385D827}.Ad-Hoc|ARM.ActiveCfg = Release|ARM
		{FFDBEB84-E2F6-4212-B7A3-54986385D827}.Ad-Hoc|ARM.Build.0 = Release|ARM
		{FFDBEB84-E2F6-4212-B7A3-54986385D827}.Ad-Hoc|ARM.Deploy.0 = Release|ARM
		{FFDBEB84-E2F6-4212-B7A3-54986385D827}.Ad-Hoc|iPhone.ActiveCfg = Release|Any CPU
		{FFDBEB84-E2F6-4212-B7A3-54986385D827}.Ad-Hoc|iPhone.Build.0 = Release|Any CPU
		{FFDBEB84-E2F6-4212-B7A3-54986385D827}.Ad-Hoc|iPhone.Deploy.0 = Release|Any CPU
		{FFDBEB84-E2F6-4212-B7A3-54986385D827}.Ad-Hoc|iPhoneSimulator.ActiveCfg = Release|Any CPU
		{FFDBEB84-E2F6-4212-B7A3-54986385D827}.Ad-Hoc|iPhoneSimulator.Build.0 = Release|Any CPU
		{FFDBEB84-E2F6-4212-B7A3-54986385D827}.Ad-Hoc|iPhoneSimulator.Deploy.0 = Release|Any CPU
		{FFDBEB84-E2F6-4212-B7A3-54986385D827}.Ad-Hoc|x64.ActiveCfg = Release|Any CPU
		{FFDBEB84-E2F6-4212-B7A3-54986385D827}.Ad-Hoc|x64.Build.0 = Release|Any CPU
		{FFDBEB84-E2F6-4212-B7A3-54986385D827}.Ad-Hoc|x64.Deploy.0 = Release|Any CPU
		{FFDBEB84-E2F6-4212-B7A3-54986385D827}.Ad-Hoc|x86.ActiveCfg = Release|x86
		{FFDBEB84-E2F6-4212-B7A3-54986385D827}.Ad-Hoc|x86.Build.0 = Release|x86
		{FFDBEB84-E2F6-4212-B7A3-54986385D827}.Ad-Hoc|x86.Deploy.0 = Release|x86
		{FFDBEB84-E2F6-4212-B7A3-54986385D827}.AppStore|Any CPU.ActiveCfg = Release|Any CPU
		{FFDBEB84-E2F6-4212-B7A3-54986385D827}.AppStore|Any CPU.Build.0 = Release|Any CPU
		{FFDBEB84-E2F6-4212-B7A3-54986385D827}.AppStore|Any CPU.Deploy.0 = Release|Any CPU
		{FFDBEB84-E2F6-4212-B7A3-54986385D827}.AppStore|ARM.ActiveCfg = Release|ARM
		{FFDBEB84-E2F6-4212-B7A3-54986385D827}.AppStore|ARM.Build.0 = Release|ARM
		{FFDBEB84-E2F6-4212-B7A3-54986385D827}.AppStore|ARM.Deploy.0 = Release|ARM
		{FFDBEB84-E2F6-4212-B7A3-54986385D827}.AppStore|iPhone.ActiveCfg = Release|Any CPU
		{FFDBEB84-E2F6-4212-B7A3-54986385D827}.AppStore|iPhone.Build.0 = Release|Any CPU
		{FFDBEB84-E2F6-4212-B7A3-54986385D827}.AppStore|iPhone.Deploy.0 = Release|Any CPU
		{FFDBEB84-E2F6-4212-B7A3-54986385D827}.AppStore|iPhoneSimulator.ActiveCfg = Release|Any CPU
		{FFDBEB84-E2F6-4212-B7A3-54986385D827}.AppStore|iPhoneSimulator.Build.0 = Release|Any CPU
		{FFDBEB84-E2F6-4212-B7A3-54986385D827}.AppStore|iPhoneSimulator.Deploy.0 = Release|Any CPU
		{FFDBEB84-E2F6-4212-B7A3-54986385D827}.AppStore|x64.ActiveCfg = Release|Any CPU
		{FFDBEB84-E2F6-4212-B7A3-54986385D827}.AppStore|x64.Build.0 = Release|Any CPU
		{FFDBEB84-E2F6-4212-B7A3-54986385D827}.AppStore|x64.Deploy.0 = Release|Any CPU
		{FFDBEB84-E2F6-4212-B7A3-54986385D827}.AppStore|x86.ActiveCfg = Release|x86
		{FFDBEB84-E2F6-4212-B7A3-54986385D827}.AppStore|x86.Build.0 = Release|x86
		{FFDBEB84-E2F6-4212-B7A3-54986385D827}.AppStore|x86.Deploy.0 = Release|x86
		{FFDBEB84-E2F6-4212-B7A3-54986385D827}.Debug|Any CPU.ActiveCfg = Debug|Any CPU
		{FFDBEB84-E2F6-4212-B7A3-54986385D827}.Debug|Any CPU.Build.0 = Debug|Any CPU
		{FFDBEB84-E2F6-4212-B7A3-54986385D827}.Debug|Any CPU.Deploy.0 = Debug|Any CPU
		{FFDBEB84-E2F6-4212-B7A3-54986385D827}.Debug|ARM.ActiveCfg = Debug|ARM
		{FFDBEB84-E2F6-4212-B7A3-54986385D827}.Debug|ARM.Build.0 = Debug|ARM
		{FFDBEB84-E2F6-4212-B7A3-54986385D827}.Debug|ARM.Deploy.0 = Debug|ARM
		{FFDBEB84-E2F6-4212-B7A3-54986385D827}.Debug|iPhone.ActiveCfg = Debug|Any CPU
		{FFDBEB84-E2F6-4212-B7A3-54986385D827}.Debug|iPhone.Build.0 = Debug|Any CPU
		{FFDBEB84-E2F6-4212-B7A3-54986385D827}.Debug|iPhone.Deploy.0 = Debug|Any CPU
		{FFDBEB84-E2F6-4212-B7A3-54986385D827}.Debug|iPhoneSimulator.ActiveCfg = Debug|Any CPU
		{FFDBEB84-E2F6-4212-B7A3-54986385D827}.Debug|iPhoneSimulator.Build.0 = Debug|Any CPU
		{FFDBEB84-E2F6-4212-B7A3-54986385D827}.Debug|iPhoneSimulator.Deploy.0 = Debug|Any CPU
		{FFDBEB84-E2F6-4212-B7A3-54986385D827}.Debug|x64.ActiveCfg = Debug|Any CPU
		{FFDBEB84-E2F6-4212-B7A3-54986385D827}.Debug|x64.Build.0 = Debug|Any CPU
		{FFDBEB84-E2F6-4212-B7A3-54986385D827}.Debug|x64.Deploy.0 = Debug|Any CPU
		{FFDBEB84-E2F6-4212-B7A3-54986385D827}.Debug|x86.ActiveCfg = Debug|x86
		{FFDBEB84-E2F6-4212-B7A3-54986385D827}.Debug|x86.Build.0 = Debug|x86
		{FFDBEB84-E2F6-4212-B7A3-54986385D827}.Debug|x86.Deploy.0 = Debug|x86
		{FFDBEB84-E2F6-4212-B7A3-54986385D827}.Release|Any CPU.ActiveCfg = Release|Any CPU
		{FFDBEB84-E2F6-4212-B7A3-54986385D827}.Release|Any CPU.Build.0 = Release|Any CPU
		{FFDBEB84-E2F6-4212-B7A3-54986385D827}.Release|Any CPU.Deploy.0 = Release|Any CPU
		{FFDBEB84-E2F6-4212-B7A3-54986385D827}.Release|ARM.ActiveCfg = Release|ARM
		{FFDBEB84-E2F6-4212-B7A3-54986385D827}.Release|ARM.Build.0 = Release|ARM
		{FFDBEB84-E2F6-4212-B7A3-54986385D827}.Release|ARM.Deploy.0 = Release|ARM
		{FFDBEB84-E2F6-4212-B7A3-54986385D827}.Release|iPhone.ActiveCfg = Release|Any CPU
		{FFDBEB84-E2F6-4212-B7A3-54986385D827}.Release|iPhone.Build.0 = Release|Any CPU
		{FFDBEB84-E2F6-4212-B7A3-54986385D827}.Release|iPhone.Deploy.0 = Release|Any CPU
		{FFDBEB84-E2F6-4212-B7A3-54986385D827}.Release|iPhoneSimulator.ActiveCfg = Release|Any CPU
		{FFDBEB84-E2F6-4212-B7A3-54986385D827}.Release|iPhoneSimulator.Build.0 = Release|Any CPU
		{FFDBEB84-E2F6-4212-B7A3-54986385D827}.Release|iPhoneSimulator.Deploy.0 = Release|Any CPU
		{FFDBEB84-E2F6-4212-B7A3-54986385D827}.Release|x64.ActiveCfg = Release|Any CPU
		{FFDBEB84-E2F6-4212-B7A3-54986385D827}.Release|x64.Build.0 = Release|Any CPU
		{FFDBEB84-E2F6-4212-B7A3-54986385D827}.Release|x64.Deploy.0 = Release|Any CPU
		{FFDBEB84-E2F6-4212-B7A3-54986385D827}.Release|x86.ActiveCfg = Release|x86
		{FFDBEB84-E2F6-4212-B7A3-54986385D827}.Release|x86.Build.0 = Release|x86
		{FFDBEB84-E2F6-4212-B7A3-54986385D827}.Release|x86.Deploy.0 = Release|x86
		{48638933-611C-48CB-AE1B-53AE3F4A4A3F}.Ad-Hoc|Any CPU.ActiveCfg = Release|Any CPU
		{48638933-611C-48CB-AE1B-53AE3F4A4A3F}.Ad-Hoc|Any CPU.Build.0 = Release|Any CPU
		{48638933-611C-48CB-AE1B-53AE3F4A4A3F}.Ad-Hoc|Any CPU.Deploy.0 = Release|Any CPU
		{48638933-611C-48CB-AE1B-53AE3F4A4A3F}.Ad-Hoc|ARM.ActiveCfg = Release|ARM
		{48638933-611C-48CB-AE1B-53AE3F4A4A3F}.Ad-Hoc|ARM.Build.0 = Release|ARM
		{48638933-611C-48CB-AE1B-53AE3F4A4A3F}.Ad-Hoc|ARM.Deploy.0 = Release|ARM
		{48638933-611C-48CB-AE1B-53AE3F4A4A3F}.Ad-Hoc|iPhone.ActiveCfg = Release|Any CPU
		{48638933-611C-48CB-AE1B-53AE3F4A4A3F}.Ad-Hoc|iPhone.Build.0 = Release|Any CPU
		{48638933-611C-48CB-AE1B-53AE3F4A4A3F}.Ad-Hoc|iPhone.Deploy.0 = Release|Any CPU
		{48638933-611C-48CB-AE1B-53AE3F4A4A3F}.Ad-Hoc|iPhoneSimulator.ActiveCfg = Release|Any CPU
		{48638933-611C-48CB-AE1B-53AE3F4A4A3F}.Ad-Hoc|iPhoneSimulator.Build.0 = Release|Any CPU
		{48638933-611C-48CB-AE1B-53AE3F4A4A3F}.Ad-Hoc|iPhoneSimulator.Deploy.0 = Release|Any CPU
		{48638933-611C-48CB-AE1B-53AE3F4A4A3F}.Ad-Hoc|x64.ActiveCfg = Release|x64
		{48638933-611C-48CB-AE1B-53AE3F4A4A3F}.Ad-Hoc|x64.Build.0 = Release|x64
		{48638933-611C-48CB-AE1B-53AE3F4A4A3F}.Ad-Hoc|x64.Deploy.0 = Release|x64
		{48638933-611C-48CB-AE1B-53AE3F4A4A3F}.Ad-Hoc|x86.ActiveCfg = Release|x86
		{48638933-611C-48CB-AE1B-53AE3F4A4A3F}.Ad-Hoc|x86.Build.0 = Release|x86
		{48638933-611C-48CB-AE1B-53AE3F4A4A3F}.Ad-Hoc|x86.Deploy.0 = Release|x86
		{48638933-611C-48CB-AE1B-53AE3F4A4A3F}.AppStore|Any CPU.ActiveCfg = Release|Any CPU
		{48638933-611C-48CB-AE1B-53AE3F4A4A3F}.AppStore|Any CPU.Build.0 = Release|Any CPU
		{48638933-611C-48CB-AE1B-53AE3F4A4A3F}.AppStore|Any CPU.Deploy.0 = Release|Any CPU
		{48638933-611C-48CB-AE1B-53AE3F4A4A3F}.AppStore|ARM.ActiveCfg = Release|ARM
		{48638933-611C-48CB-AE1B-53AE3F4A4A3F}.AppStore|ARM.Build.0 = Release|ARM
		{48638933-611C-48CB-AE1B-53AE3F4A4A3F}.AppStore|ARM.Deploy.0 = Release|ARM
		{48638933-611C-48CB-AE1B-53AE3F4A4A3F}.AppStore|iPhone.ActiveCfg = Release|Any CPU
		{48638933-611C-48CB-AE1B-53AE3F4A4A3F}.AppStore|iPhone.Build.0 = Release|Any CPU
		{48638933-611C-48CB-AE1B-53AE3F4A4A3F}.AppStore|iPhone.Deploy.0 = Release|Any CPU
		{48638933-611C-48CB-AE1B-53AE3F4A4A3F}.AppStore|iPhoneSimulator.ActiveCfg = Release|Any CPU
		{48638933-611C-48CB-AE1B-53AE3F4A4A3F}.AppStore|iPhoneSimulator.Build.0 = Release|Any CPU
		{48638933-611C-48CB-AE1B-53AE3F4A4A3F}.AppStore|iPhoneSimulator.Deploy.0 = Release|Any CPU
		{48638933-611C-48CB-AE1B-53AE3F4A4A3F}.AppStore|x64.ActiveCfg = Release|x64
		{48638933-611C-48CB-AE1B-53AE3F4A4A3F}.AppStore|x64.Build.0 = Release|x64
		{48638933-611C-48CB-AE1B-53AE3F4A4A3F}.AppStore|x64.Deploy.0 = Release|x64
		{48638933-611C-48CB-AE1B-53AE3F4A4A3F}.AppStore|x86.ActiveCfg = Release|x86
		{48638933-611C-48CB-AE1B-53AE3F4A4A3F}.AppStore|x86.Build.0 = Release|x86
		{48638933-611C-48CB-AE1B-53AE3F4A4A3F}.AppStore|x86.Deploy.0 = Release|x86
		{48638933-611C-48CB-AE1B-53AE3F4A4A3F}.Debug|Any CPU.ActiveCfg = Debug|Any CPU
		{48638933-611C-48CB-AE1B-53AE3F4A4A3F}.Debug|Any CPU.Build.0 = Debug|Any CPU
		{48638933-611C-48CB-AE1B-53AE3F4A4A3F}.Debug|Any CPU.Deploy.0 = Debug|Any CPU
		{48638933-611C-48CB-AE1B-53AE3F4A4A3F}.Debug|ARM.ActiveCfg = Debug|ARM
		{48638933-611C-48CB-AE1B-53AE3F4A4A3F}.Debug|ARM.Build.0 = Debug|ARM
		{48638933-611C-48CB-AE1B-53AE3F4A4A3F}.Debug|ARM.Deploy.0 = Debug|ARM
		{48638933-611C-48CB-AE1B-53AE3F4A4A3F}.Debug|iPhone.ActiveCfg = Debug|Any CPU
		{48638933-611C-48CB-AE1B-53AE3F4A4A3F}.Debug|iPhone.Build.0 = Debug|Any CPU
		{48638933-611C-48CB-AE1B-53AE3F4A4A3F}.Debug|iPhone.Deploy.0 = Debug|Any CPU
		{48638933-611C-48CB-AE1B-53AE3F4A4A3F}.Debug|iPhoneSimulator.ActiveCfg = Debug|Any CPU
		{48638933-611C-48CB-AE1B-53AE3F4A4A3F}.Debug|iPhoneSimulator.Build.0 = Debug|Any CPU
		{48638933-611C-48CB-AE1B-53AE3F4A4A3F}.Debug|iPhoneSimulator.Deploy.0 = Debug|Any CPU
		{48638933-611C-48CB-AE1B-53AE3F4A4A3F}.Debug|x64.ActiveCfg = Debug|x64
		{48638933-611C-48CB-AE1B-53AE3F4A4A3F}.Debug|x64.Build.0 = Debug|x64
		{48638933-611C-48CB-AE1B-53AE3F4A4A3F}.Debug|x64.Deploy.0 = Debug|x64
		{48638933-611C-48CB-AE1B-53AE3F4A4A3F}.Debug|x86.ActiveCfg = Debug|x86
		{48638933-611C-48CB-AE1B-53AE3F4A4A3F}.Debug|x86.Build.0 = Debug|x86
		{48638933-611C-48CB-AE1B-53AE3F4A4A3F}.Debug|x86.Deploy.0 = Debug|x86
		{48638933-611C-48CB-AE1B-53AE3F4A4A3F}.Release|Any CPU.ActiveCfg = Release|Any CPU
		{48638933-611C-48CB-AE1B-53AE3F4A4A3F}.Release|Any CPU.Build.0 = Release|Any CPU
		{48638933-611C-48CB-AE1B-53AE3F4A4A3F}.Release|Any CPU.Deploy.0 = Release|Any CPU
		{48638933-611C-48CB-AE1B-53AE3F4A4A3F}.Release|ARM.ActiveCfg = Release|ARM
		{48638933-611C-48CB-AE1B-53AE3F4A4A3F}.Release|ARM.Build.0 = Release|ARM
		{48638933-611C-48CB-AE1B-53AE3F4A4A3F}.Release|ARM.Deploy.0 = Release|ARM
		{48638933-611C-48CB-AE1B-53AE3F4A4A3F}.Release|iPhone.ActiveCfg = Release|Any CPU
		{48638933-611C-48CB-AE1B-53AE3F4A4A3F}.Release|iPhone.Build.0 = Release|Any CPU
		{48638933-611C-48CB-AE1B-53AE3F4A4A3F}.Release|iPhone.Deploy.0 = Release|Any CPU
		{48638933-611C-48CB-AE1B-53AE3F4A4A3F}.Release|iPhoneSimulator.ActiveCfg = Release|Any CPU
		{48638933-611C-48CB-AE1B-53AE3F4A4A3F}.Release|iPhoneSimulator.Build.0 = Release|Any CPU
		{48638933-611C-48CB-AE1B-53AE3F4A4A3F}.Release|iPhoneSimulator.Deploy.0 = Release|Any CPU
		{48638933-611C-48CB-AE1B-53AE3F4A4A3F}.Release|x64.ActiveCfg = Release|x64
		{48638933-611C-48CB-AE1B-53AE3F4A4A3F}.Release|x64.Build.0 = Release|x64
		{48638933-611C-48CB-AE1B-53AE3F4A4A3F}.Release|x64.Deploy.0 = Release|x64
		{48638933-611C-48CB-AE1B-53AE3F4A4A3F}.Release|x86.ActiveCfg = Release|x86
		{48638933-611C-48CB-AE1B-53AE3F4A4A3F}.Release|x86.Build.0 = Release|x86
		{48638933-611C-48CB-AE1B-53AE3F4A4A3F}.Release|x86.Deploy.0 = Release|x86
	EndGlobalSection
	GlobalSection(SolutionProperties) = preSolution
		HideSolutionNode = FALSE
	EndGlobalSection
EndGlobal
